
Microsoft Visual Studio Solution File, Format Version 12.00
# Visual Studio Version 17
VisualStudioVersion = 17.3.32721.290
MinimumVisualStudioVersion = 10.0.40219.1
Project("{2150E333-8FDC-42A3-9474-1A3956D46DE8}") = "Solution Items", "Solution Items", "{A7552485-ED4D-481C-917E-6748D41ECD38}"
	ProjectSection(SolutionItems) = preProject
		action.yml = action.yml
		LICENSE = LICENSE
		README.md = README.md
	EndProjectSection
EndProject
Project("{2150E333-8FDC-42A3-9474-1A3956D46DE8}") = ".github", ".github", "{E1F4BA6A-0D97-43A2-A6AE-EE259227DA68}"
EndProject
Project("{2150E333-8FDC-42A3-9474-1A3956D46DE8}") = "workflows", "workflows", "{B7E6BE20-09E2-4C3D-82B0-170E212844A1}"
	ProjectSection(SolutionItems) = preProject
		.github\workflows\tests.yml = .github\workflows\tests.yml
	EndProjectSection
EndProject
Project("{2150E333-8FDC-42A3-9474-1A3956D46DE8}") = "PowerShell", "PowerShell", "{F39943FB-0A40-411E-98AA-5945D7BFCCF5}"
EndProject
Project("{2150E333-8FDC-42A3-9474-1A3956D46DE8}") = "Modules", "Modules", "{338B7900-8075-40BE-B6D0-25C1540FD238}"
EndProject
Project("{2150E333-8FDC-42A3-9474-1A3956D46DE8}") = "GitAction.PowerShell.Module", "GitAction.PowerShell.Module", "{61964CC3-40EA-4D85-92FE-ED68426D1F3A}"
EndProject
Project("{2150E333-8FDC-42A3-9474-1A3956D46DE8}") = "GitHubActions", "GitHubActions", "{9A6DC641-0246-4B96-A16F-CCA2BC69C6AA}"
EndProject
Project("{2150E333-8FDC-42A3-9474-1A3956D46DE8}") = "1.0.0.3", "1.0.0.3", "{1BA4E225-0A42-4300-8BDE-7437E9939A0D}"
	ProjectSection(SolutionItems) = preProject
		PowerShell\Modules\GitHubActions\1.0.0.3\context.ps1 = PowerShell\Modules\GitHubActions\1.0.0.3\context.ps1
		PowerShell\Modules\GitHubActions\1.0.0.3\GitHubActions.psd1 = PowerShell\Modules\GitHubActions\1.0.0.3\GitHubActions.psd1
		PowerShell\Modules\GitHubActions\1.0.0.3\GitHubActions.psm1 = PowerShell\Modules\GitHubActions\1.0.0.3\GitHubActions.psm1
		PowerShell\Modules\GitHubActions\1.0.0.3\PSGetModuleInfo.xml = PowerShell\Modules\GitHubActions\1.0.0.3\PSGetModuleInfo.xml
	EndProjectSection
EndProject
Project("{2150E333-8FDC-42A3-9474-1A3956D46DE8}") = "1.0.10", "1.0.10", "{CB6FDF6E-FBD8-4899-BF3A-A1F3BC4E6407}"
	ProjectSection(SolutionItems) = preProject
		PowerShell\Modules\GitAction.PowerShell.Module\1.0.10\GitAction.PowerShell.Module.deps.json = PowerShell\Modules\GitAction.PowerShell.Module\1.0.10\GitAction.PowerShell.Module.deps.json
		PowerShell\Modules\GitAction.PowerShell.Module\1.0.10\GitAction.PowerShell.Module.dll = PowerShell\Modules\GitAction.PowerShell.Module\1.0.10\GitAction.PowerShell.Module.dll
		PowerShell\Modules\GitAction.PowerShell.Module\1.0.10\GitAction.PowerShell.Module.pdb = PowerShell\Modules\GitAction.PowerShell.Module\1.0.10\GitAction.PowerShell.Module.pdb
		PowerShell\Modules\GitAction.PowerShell.Module\1.0.10\GitAction.PowerShell.Module.psd1 = PowerShell\Modules\GitAction.PowerShell.Module\1.0.10\GitAction.PowerShell.Module.psd1
		PowerShell\Modules\GitAction.PowerShell.Module\1.0.10\GitAction.PowerShell.Module.psm1 = PowerShell\Modules\GitAction.PowerShell.Module\1.0.10\GitAction.PowerShell.Module.psm1
		PowerShell\Modules\GitAction.PowerShell.Module\1.0.10\WinSCP.exe = PowerShell\Modules\GitAction.PowerShell.Module\1.0.10\WinSCP.exe
		PowerShell\Modules\GitAction.PowerShell.Module\1.0.10\WinSCPnet.dll = PowerShell\Modules\GitAction.PowerShell.Module\1.0.10\WinSCPnet.dll
	EndProjectSection
EndProject
Global
	GlobalSection(SolutionProperties) = preSolution
		HideSolutionNode = FALSE
	EndGlobalSection
	GlobalSection(NestedProjects) = preSolution
		{E1F4BA6A-0D97-43A2-A6AE-EE259227DA68} = {A7552485-ED4D-481C-917E-6748D41ECD38}
		{B7E6BE20-09E2-4C3D-82B0-170E212844A1} = {E1F4BA6A-0D97-43A2-A6AE-EE259227DA68}
		{F39943FB-0A40-411E-98AA-5945D7BFCCF5} = {A7552485-ED4D-481C-917E-6748D41ECD38}
		{338B7900-8075-40BE-B6D0-25C1540FD238} = {F39943FB-0A40-411E-98AA-5945D7BFCCF5}
		{61964CC3-40EA-4D85-92FE-ED68426D1F3A} = {338B7900-8075-40BE-B6D0-25C1540FD238}
		{9A6DC641-0246-4B96-A16F-CCA2BC69C6AA} = {338B7900-8075-40BE-B6D0-25C1540FD238}
		{1BA4E225-0A42-4300-8BDE-7437E9939A0D} = {9A6DC641-0246-4B96-A16F-CCA2BC69C6AA}
		{CB6FDF6E-FBD8-4899-BF3A-A1F3BC4E6407} = {61964CC3-40EA-4D85-92FE-ED68426D1F3A}
	EndGlobalSection
	GlobalSection(ExtensibilityGlobals) = postSolution
		SolutionGuid = {FE720F4D-F228-458A-824D-21FD73137FE8}
	EndGlobalSection
EndGlobal
